Microsoft Visual Studio Solution File, Format Version 12.00
# Visual Studio Version 17
VisualStudioVersion = 17.5.2.0
MinimumVisualStudioVersion = 10.0.40219.1
Project("{FAE04EC0-301F-11D3-BF4B-00C04F79EFBC}") = "LeverX", "LeverX.csproj", "{435C9286-93C3-51AA-B3A2-C927D842E510}"
EndProject
Global
	GlobalSection(SolutionConfigurationPlatforms) = preSolution
		Debug|Any CPU = Debug|Any CPU
		Release|Any CPU = Release|Any CPU
	EndGlobalSection
	GlobalSection(ProjectConfigurationPlatforms) = postSolution
		{435C9286-93C3-51AA-B3A2-C927D842E510}.Debug|Any CPU.ActiveCfg = Debug|Any CPU
		{435C9286-93C3-51AA-B3A2-C927D842E510}.Debug|Any CPU.Build.0 = Debug|Any CPU
		{435C9286-93C3-51AA-B3A2-C927D842E510}.Release|Any CPU.ActiveCfg = Release|Any CPU
		{435C9286-93C3-51AA-B3A2-C927D842E510}.Release|Any CPU.Build.0 = Release|Any CPU
	EndGlobalSection
	GlobalSection(SolutionProperties) = preSolution
		HideSolutionNode = FALSE
	EndGlobalSection
	GlobalSection(ExtensibilityGlobals) = postSolution
		SolutionGuid = {32F782E2-5D91-4143-9E8A-9170EDA88E9D}
	EndGlobalSection
EndGlobal
