Microsoft Visual Studio Solution File, Format Version 12.00
# Visual Studio Version 17
VisualStudioVersion = 17.5.2.0
MinimumVisualStudioVersion = 10.0.40219.1
Project("{FAE04EC0-301F-11D3-BF4B-00C04F79EFBC}") = "LeverX", "LeverX.csproj", "{435C9286-93C3-51AA-B3A2-C927D842E510}"
EndProject
Project("{FAE04EC0-301F-11D3-BF4B-00C04F79EFBC}") = "MusicStore.Shared.Models", "..\MusicStore.Shared.Models\MusicStore.Shared.Models.csproj", "{393C3B45-AB84-4824-9AA5-6F945B6BB89C}"
EndProject
Project("{FAE04EC0-301F-11D3-BF4B-00C04F79EFBC}") = "MusicStore.Core.Db", "..\MusicStore.Core.Db\MusicStore.Core.Db.csproj", "{1ABA6A73-1307-4604-B9C3-0C39CB08C01E}"
EndProject
Project("{FAE04EC0-301F-11D3-BF4B-00C04F79EFBC}") = "MusicStore.Core.Data", "..\MusicStore.Core.Data\MusicStore.Core.Data.csproj", "{7478F47A-BD1E-4DD2-AECE-530A250AE36B}"
EndProject
Project("{FAE04EC0-301F-11D3-BF4B-00C04F79EFBC}") = "MusicStore.Platform.Interfaces", "..\MusicStore.Platform.Interfaces\MusicStore.Platform.Interfaces.csproj", "{4EE7C5A0-7943-45EE-9748-73118FB7620C}"
EndProject
Project("{FAE04EC0-301F-11D3-BF4B-00C04F79EFBC}") = "MusicStore.Platform.Services", "..\MusicStore.Platform.Services\MusicStore.Platform.Services.csproj", "{97AB3EEF-9E65-466C-AB37-E5C8C3623398}"
EndProject
Project("{FAE04EC0-301F-11D3-BF4B-00C04F79EFBC}") = "MusicStore.Shared.Services.Abstractions", "..\MusicStore.Shared.Services.Abstractions\MusicStore.Shared.Services.Abstractions.csproj", "{69E5E989-BAB0-41BF-B803-97240C1E684B}"
EndProject
Global
	GlobalSection(SolutionConfigurationPlatforms) = preSolution
		Debug|Any CPU = Debug|Any CPU
		Release|Any CPU = Release|Any CPU
	EndGlobalSection
	GlobalSection(ProjectConfigurationPlatforms) = postSolution
		{435C9286-93C3-51AA-B3A2-C927D842E510}.Debug|Any CPU.ActiveCfg = Debug|Any CPU
		{435C9286-93C3-51AA-B3A2-C927D842E510}.Debug|Any CPU.Build.0 = Debug|Any CPU
		{435C9286-93C3-51AA-B3A2-C927D842E510}.Release|Any CPU.ActiveCfg = Release|Any CPU
		{435C9286-93C3-51AA-B3A2-C927D842E510}.Release|Any CPU.Build.0 = Release|Any CPU
		{393C3B45-AB84-4824-9AA5-6F945B6BB89C}.Debug|Any CPU.ActiveCfg = Debug|Any CPU
		{393C3B45-AB84-4824-9AA5-6F945B6BB89C}.Debug|Any CPU.Build.0 = Debug|Any CPU
		{393C3B45-AB84-4824-9AA5-6F945B6BB89C}.Release|Any CPU.ActiveCfg = Release|Any CPU
		{393C3B45-AB84-4824-9AA5-6F945B6BB89C}.Release|Any CPU.Build.0 = Release|Any CPU
		{1ABA6A73-1307-4604-B9C3-0C39CB08C01E}.Debug|Any CPU.ActiveCfg = Debug|Any CPU
		{1ABA6A73-1307-4604-B9C3-0C39CB08C01E}.Debug|Any CPU.Build.0 = Debug|Any CPU
		{1ABA6A73-1307-4604-B9C3-0C39CB08C01E}.Release|Any CPU.ActiveCfg = Release|Any CPU
		{1ABA6A73-1307-4604-B9C3-0C39CB08C01E}.Release|Any CPU.Build.0 = Release|Any CPU
		{7478F47A-BD1E-4DD2-AECE-530A250AE36B}.Debug|Any CPU.ActiveCfg = Debug|Any CPU
		{7478F47A-BD1E-4DD2-AECE-530A250AE36B}.Debug|Any CPU.Build.0 = Debug|Any CPU
		{7478F47A-BD1E-4DD2-AECE-530A250AE36B}.Release|Any CPU.ActiveCfg = Release|Any CPU
		{7478F47A-BD1E-4DD2-AECE-530A250AE36B}.Release|Any CPU.Build.0 = Release|Any CPU
		{4EE7C5A0-7943-45EE-9748-73118FB7620C}.Debug|Any CPU.ActiveCfg = Debug|Any CPU
		{4EE7C5A0-7943-45EE-9748-73118FB7620C}.Debug|Any CPU.Build.0 = Debug|Any CPU
		{4EE7C5A0-7943-45EE-9748-73118FB7620C}.Release|Any CPU.ActiveCfg = Release|Any CPU
		{4EE7C5A0-7943-45EE-9748-73118FB7620C}.Release|Any CPU.Build.0 = Release|Any CPU
		{97AB3EEF-9E65-466C-AB37-E5C8C3623398}.Debug|Any CPU.ActiveCfg = Debug|Any CPU
		{97AB3EEF-9E65-466C-AB37-E5C8C3623398}.Debug|Any CPU.Build.0 = Debug|Any CPU
		{97AB3EEF-9E65-466C-AB37-E5C8C3623398}.Release|Any CPU.ActiveCfg = Release|Any CPU
		{97AB3EEF-9E65-466C-AB37-E5C8C3623398}.Release|Any CPU.Build.0 = Release|Any CPU
		{69E5E989-BAB0-41BF-B803-97240C1E684B}.Debug|Any CPU.ActiveCfg = Debug|Any CPU
		{69E5E989-BAB0-41BF-B803-97240C1E684B}.Debug|Any CPU.Build.0 = Debug|Any CPU
		{69E5E989-BAB0-41BF-B803-97240C1E684B}.Release|Any CPU.ActiveCfg = Release|Any CPU
		{69E5E989-BAB0-41BF-B803-97240C1E684B}.Release|Any CPU.Build.0 = Release|Any CPU
	EndGlobalSection
	GlobalSection(SolutionProperties) = preSolution
		HideSolutionNode = FALSE
	EndGlobalSection
	GlobalSection(ExtensibilityGlobals) = postSolution
		SolutionGuid = {32F782E2-5D91-4143-9E8A-9170EDA88E9D}
	EndGlobalSection
EndGlobal
